
Microsoft Visual Studio Solution File, Format Version 12.00
# Visual Studio Version 16
VisualStudioVersion = 16.0.30002.166
MinimumVisualStudioVersion = 10.0.40219.1
Project("{8BC9CEB8-8B4A-11D0-8D11-00A0C91BC942}") = "Project2", "Project2\Project2.vcxproj", "{695CC3E5-F7F3-4454-A9B7-515FBDAC0977}"
EndProject
Global
	GlobalSection(SolutionConfigurationPlatforms) = preSolution
		Debug|x64 = Debug|x64
		Debug|x86 = Debug|x86
		Release|x64 = Release|x64
		Release|x86 = Release|x86
	EndGlobalSection
	GlobalSection(ProjectConfigurationPlatforms) = postSolution
		{695CC3E5-F7F3-4454-A9B7-515FBDAC0977}.Debug|x64.ActiveCfg = Debug|x64
		{695CC3E5-F7F3-4454-A9B7-515FBDAC0977}.Debug|x64.Build.0 = Debug|x64
		{695CC3E5-F7F3-4454-A9B7-515FBDAC0977}.Debug|x86.ActiveCfg = Debug|Win32
		{695CC3E5-F7F3-4454-A9B7-515FBDAC0977}.Debug|x86.Build.0 = Debug|Win32
		{695CC3E5-F7F3-4454-A9B7-515FBDAC0977}.Release|x64.ActiveCfg = Release|x64
		{695CC3E5-F7F3-4454-A9B7-515FBDAC0977}.Release|x64.Build.0 = Release|x64
		{695CC3E5-F7F3-4454-A9B7-515FBDAC0977}.Release|x86.ActiveCfg = Release|Win32
		{695CC3E5-F7F3-4454-A9B7-515FBDAC0977}.Release|x86.Build.0 = Release|Win32
	EndGlobalSection
	GlobalSection(SolutionProperties) = preSolution
		HideSolutionNode = FALSE
	EndGlobalSection
	GlobalSection(ExtensibilityGlobals) = postSolution
		SolutionGuid = {3495357D-545E-4AA9-B6AA-18AD6CB4AC45}
	EndGlobalSection
EndGlobal
